{
    "_readme": [
        "This file locks the dependencies of your project to a known state",
        "Read more about it at http://getcomposer.org/doc/01-basic-usage.md#composer-lock-the-lock-file",
        "This file is @generated automatically"
    ],
    "hash": "93b02e39c15de663287ff80deefda4f4",
    "packages": [
        {
            "name": "fkooman/ini",
            "version": "0.2.0",
            "source": {
                "type": "git",
                "url": "https://github.com/fkooman/php-lib-ini.git",
                "reference": "53bef8aaa28862b68b553f742ee3ecf54394f121"
            },
            "dist": {
                "type": "zip",
                "url": "https://api.github.com/repos/fkooman/php-lib-ini/zipball/53bef8aaa28862b68b553f742ee3ecf54394f121",
                "reference": "53bef8aaa28862b68b553f742ee3ecf54394f121",
                "shasum": ""
            },
            "require": {
                "php": ">=5.3.3"
            },
            "type": "library",
            "autoload": {
                "psr-0": {
                    "fkooman\\Ini": "src/"
                }
            },
            "notification-url": "https://packagist.org/downloads/",
            "license": [
                "Apache-2.0"
            ],
            "authors": [
                {
                    "name": "François Kooman",
                    "email": "fkooman@tuxed.net",
                    "role": "Developer"
                }
            ],
            "description": "Handle INI configuration files",
            "time": "2014-10-23 15:33:28"
        },
        {
            "name": "fkooman/json",
            "version": "0.6.0",
            "source": {
                "type": "git",
                "url": "https://github.com/fkooman/php-lib-json.git",
                "reference": "556209cf34cdf55f90eefffd778f93a3e9d5bb2d"
            },
            "dist": {
                "type": "zip",
                "url": "https://api.github.com/repos/fkooman/php-lib-json/zipball/556209cf34cdf55f90eefffd778f93a3e9d5bb2d",
                "reference": "556209cf34cdf55f90eefffd778f93a3e9d5bb2d",
                "shasum": ""
            },
            "require": {
                "php": ">=5.3.3"
            },
            "type": "library",
            "autoload": {
                "psr-0": {
                    "fkooman\\Json": "src/"
                }
            },
            "notification-url": "https://packagist.org/downloads/",
            "license": [
                "Apache-2.0"
            ],
            "authors": [
                {
                    "name": "François Kooman",
                    "email": "fkooman@tuxed.net",
                    "role": "Developer"
                }
            ],
            "description": "PHP library to encode and decode JSON",
            "time": "2014-10-22 12:49:20"
        },
        {
            "name": "fkooman/oauth-common",
            "version": "0.7.0",
            "source": {
                "type": "git",
                "url": "https://github.com/fkooman/php-oauth-lib-common.git",
                "reference": "6d5b60f02c153062cfde0c271451f7a997e28b0c"
            },
            "dist": {
                "type": "zip",
                "url": "https://api.github.com/repos/fkooman/php-oauth-lib-common/zipball/6d5b60f02c153062cfde0c271451f7a997e28b0c",
                "reference": "6d5b60f02c153062cfde0c271451f7a997e28b0c",
                "shasum": ""
            },
            "require": {
                "php": ">=5.3.3"
            },
            "type": "library",
            "autoload": {
                "psr-0": {
                    "fkooman\\OAuth\\Common": "src/"
                }
            },
            "notification-url": "https://packagist.org/downloads/",
            "license": [
                "Apache-2.0"
            ],
            "authors": [
                {
                    "name": "François Kooman",
                    "email": "fkooman@tuxed.net",
                    "role": "Developer"
                }
            ],
            "description": "PHP library for common OAuth classes.",
            "time": "2014-10-26 15:34:10"
        },
        {
            "name": "fkooman/rest",
            "version": "0.6.2",
            "source": {
                "type": "git",
                "url": "https://github.com/fkooman/php-lib-rest.git",
                "reference": "3c1c7ad24476ebd8fa04bd2e2d5567d8b96102df"
            },
            "dist": {
                "type": "zip",
                "url": "https://api.github.com/repos/fkooman/php-lib-rest/zipball/3c1c7ad24476ebd8fa04bd2e2d5567d8b96102df",
                "reference": "3c1c7ad24476ebd8fa04bd2e2d5567d8b96102df",
                "shasum": ""
            },
            "require": {
                "fkooman/json": "~0.6.0",
                "php": ">=5.3.3"
            },
            "suggest": {
                "fkooman/rest-plugin-basic": "Basic Authentication plugin",
                "fkooman/rest-plugin-bearer": "Bearer (OAuth) Authentication plugin",
                "fkooman/rest-plugin-mellon": "Mellon (SAML) Authentication plugin"
            },
            "type": "library",
            "autoload": {
                "psr-0": {
                    "fkooman\\Http": "src/",
                    "fkooman\\Rest": "src/"
                }
            },
            "notification-url": "https://packagist.org/downloads/",
            "license": [
                "Apache-2.0"
            ],
            "authors": [
                {
                    "name": "François Kooman",
                    "email": "fkooman@tuxed.net",
                    "role": "Developer"
                }
            ],
            "description": "Simple PHP library for writing REST services.",
            "time": "2014-10-26 15:36:09"
        },
        {
            "name": "fkooman/rest-plugin-bearer",
            "version": "0.1.1",
            "source": {
                "type": "git",
                "url": "https://github.com/fkooman/php-lib-rest-plugin-bearer.git",
                "reference": "82f55f6e4b608de86dc6e292986e73dec1efa509"
            },
            "dist": {
                "type": "zip",
                "url": "https://api.github.com/repos/fkooman/php-lib-rest-plugin-bearer/zipball/82f55f6e4b608de86dc6e292986e73dec1efa509",
                "reference": "82f55f6e4b608de86dc6e292986e73dec1efa509",
                "shasum": ""
            },
            "require": {
                "fkooman/oauth-common": "~0.7.0",
                "fkooman/rest": "~0.6.2",
                "guzzlehttp/guzzle": "4.*",
                "php": ">=5.4"
            },
            "type": "library",
            "autoload": {
                "psr-0": {
                    "fkooman\\Rest\\Plugin\\Bearer": "src/"
                }
            },
            "notification-url": "https://packagist.org/downloads/",
            "license": [
                "Apache-2.0"
            ],
            "authors": [
                {
                    "name": "François Kooman",
                    "email": "fkooman@tuxed.net",
                    "role": "Developer"
                }
            ],
            "description": "Bearer (OAuth) Authentication plugin for fkooman/rest",
            "time": "2014-10-26 15:39:31"
        },
        {
            "name": "guzzlehttp/guzzle",
            "version": "4.2.3",
            "source": {
                "type": "git",
                "url": "https://github.com/guzzle/guzzle.git",
                "reference": "66fd916e9f9130bc22c51450476823391cb2f67c"
            },
            "dist": {
                "type": "zip",
                "url": "https://api.github.com/repos/guzzle/guzzle/zipball/66fd916e9f9130bc22c51450476823391cb2f67c",
                "reference": "66fd916e9f9130bc22c51450476823391cb2f67c",
                "shasum": ""
            },
            "require": {
                "ext-json": "*",
                "guzzlehttp/streams": "~2.1",
                "php": ">=5.4.0"
            },
            "require-dev": {
                "ext-curl": "*",
                "phpunit/phpunit": "~4.0",
                "psr/log": "~1.0"
            },
            "suggest": {
                "ext-curl": "Guzzle will use specific adapters if cURL is present"
            },
            "type": "library",
            "extra": {
                "branch-alias": {
                    "dev-master": "4.2-dev"
                }
            },
            "autoload": {
                "psr-4": {
                    "GuzzleHttp\\": "src/"
                },
                "files": [
                    "src/functions.php"
                ]
            },
            "notification-url": "https://packagist.org/downloads/",
            "license": [
                "MIT"
            ],
            "authors": [
                {
                    "name": "Michael Dowling",
                    "email": "mtdowling@gmail.com",
                    "homepage": "https://github.com/mtdowling"
                }
            ],
            "description": "Guzzle is a PHP HTTP client library and framework for building RESTful web service clients",
            "homepage": "http://guzzlephp.org/",
            "keywords": [
                "client",
                "curl",
                "framework",
                "http",
                "http client",
                "rest",
                "web service"
            ],
            "time": "2014-10-05 19:29:14"
        },
        {
            "name": "guzzlehttp/streams",
            "version": "2.1.0",
            "source": {
                "type": "git",
                "url": "https://github.com/guzzle/streams.git",
                "reference": "f91b721d73f0e561410903b3b3c90a5d0e40b534"
            },
            "dist": {
                "type": "zip",
                "url": "https://api.github.com/repos/guzzle/streams/zipball/f91b721d73f0e561410903b3b3c90a5d0e40b534",
                "reference": "f91b721d73f0e561410903b3b3c90a5d0e40b534",
                "shasum": ""
            },
            "require": {
                "php": ">=5.4.0"
            },
            "require-dev": {
                "phpunit/phpunit": "~4.0"
            },
            "type": "library",
            "extra": {
                "branch-alias": {
                    "dev-master": "2.0-dev"
                }
            },
            "autoload": {
                "psr-4": {
                    "GuzzleHttp\\Stream\\": "src/"
                },
                "files": [
                    "src/functions.php"
                ]
            },
            "notification-url": "https://packagist.org/downloads/",
            "license": [
                "MIT"
            ],
            "authors": [
                {
                    "name": "Michael Dowling",
                    "email": "mtdowling@gmail.com",
                    "homepage": "https://github.com/mtdowling"
                }
            ],
            "description": "Provides a simple abstraction over streams of data (Guzzle 4+)",
            "homepage": "http://guzzlephp.org/",
            "keywords": [
                "Guzzle",
                "stream"
            ],
            "time": "2014-08-17 21:15:53"
        }
    ],
    "packages-dev": [],
    "aliases": [],
    "minimum-stability": "stable",
    "stability-flags": [],
    "prefer-stable": false,
    "platform": {
        "ext-openssl": "*",
        "php": ">=5.3.3"
    },
    "platform-dev": []
}
